
Microsoft Visual Studio Solution File, Format Version 12.00
# Visual Studio Version 18
VisualStudioVersion = 18.1.11312.151 d18.0
MinimumVisualStudioVersion = 10.0.40219.1
Project("{FAE04EC0-301F-11D3-BF4B-00C04F79EFBC}") = "WindowPilot", "WindowPilot.csproj", "{D2DD1AEC-C2BF-6EDF-4728-5E13C745E8DF}"
EndProject
Global
	GlobalSection(SolutionConfigurationPlatforms) = preSolution
		Debug|Any CPU = Debug|Any CPU
		Release|Any CPU = Release|Any CPU
	EndGlobalSection
	GlobalSection(ProjectConfigurationPlatforms) = postSolution
		{D2DD1AEC-C2BF-6EDF-4728-5E13C745E8DF}.Debug|Any CPU.ActiveCfg = Debug|Any CPU
		{D2DD1AEC-C2BF-6EDF-4728-5E13C745E8DF}.Debug|Any CPU.Build.0 = Debug|Any CPU
		{D2DD1AEC-C2BF-6EDF-4728-5E13C745E8DF}.Release|Any CPU.ActiveCfg = Release|Any CPU
		{D2DD1AEC-C2BF-6EDF-4728-5E13C745E8DF}.Release|Any CPU.Build.0 = Release|Any CPU
	EndGlobalSection
	GlobalSection(SolutionProperties) = preSolution
		HideSolutionNode = FALSE
	EndGlobalSection
	GlobalSection(ExtensibilityGlobals) = postSolution
		SolutionGuid = {FDDC2C0A-6AA4-4619-92C2-63A941200494}
	EndGlobalSection
EndGlobal
